
Microsoft Visual Studio Solution File, Format Version 12.00
# Visual Studio Version 17
VisualStudioVersion = 17.10.35122.118
MinimumVisualStudioVersion = 10.0.40219.1
Project("{9A19103F-16F7-4668-BE54-9A1E7A4F7556}") = "WebApplication-UN", "WebApplication-UN\WebApplication-UN.csproj", "{61418C65-537E-4037-ACD9-0E3DD0598C26}"
EndProject
Project("{FAE04EC0-301F-11D3-BF4B-00C04F79EFBC}") = "Library.Domain", "Library.Domain\Library.Domain.csproj", "{CA66818E-5ED3-4990-82F6-AA102166F7D8}"
EndProject
Project("{FAE04EC0-301F-11D3-BF4B-00C04F79EFBC}") = "Library.Application", "Library.Application\Library.Application.csproj", "{5F2E6CDD-D00F-4ABC-BD92-012A94530733}"
EndProject
Project("{FAE04EC0-301F-11D3-BF4B-00C04F79EFBC}") = "Library.Infrastructure", "Library.Infrastructure\Library.Infrastructure.csproj", "{404B3BF6-8C51-48C8-84B6-21DF81DF64E8}"
EndProject
Global
	GlobalSection(SolutionConfigurationPlatforms) = preSolution
		Debug|Any CPU = Debug|Any CPU
		Release|Any CPU = Release|Any CPU
	EndGlobalSection
	GlobalSection(ProjectConfigurationPlatforms) = postSolution
		{61418C65-537E-4037-ACD9-0E3DD0598C26}.Debug|Any CPU.ActiveCfg = Debug|Any CPU
		{61418C65-537E-4037-ACD9-0E3DD0598C26}.Debug|Any CPU.Build.0 = Debug|Any CPU
		{61418C65-537E-4037-ACD9-0E3DD0598C26}.Release|Any CPU.ActiveCfg = Release|Any CPU
		{61418C65-537E-4037-ACD9-0E3DD0598C26}.Release|Any CPU.Build.0 = Release|Any CPU
		{CA66818E-5ED3-4990-82F6-AA102166F7D8}.Debug|Any CPU.ActiveCfg = Debug|Any CPU
		{CA66818E-5ED3-4990-82F6-AA102166F7D8}.Debug|Any CPU.Build.0 = Debug|Any CPU
		{CA66818E-5ED3-4990-82F6-AA102166F7D8}.Release|Any CPU.ActiveCfg = Release|Any CPU
		{CA66818E-5ED3-4990-82F6-AA102166F7D8}.Release|Any CPU.Build.0 = Release|Any CPU
		{5F2E6CDD-D00F-4ABC-BD92-012A94530733}.Debug|Any CPU.ActiveCfg = Debug|Any CPU
		{5F2E6CDD-D00F-4ABC-BD92-012A94530733}.Debug|Any CPU.Build.0 = Debug|Any CPU
		{5F2E6CDD-D00F-4ABC-BD92-012A94530733}.Release|Any CPU.ActiveCfg = Release|Any CPU
		{5F2E6CDD-D00F-4ABC-BD92-012A94530733}.Release|Any CPU.Build.0 = Release|Any CPU
		{404B3BF6-8C51-48C8-84B6-21DF81DF64E8}.Debug|Any CPU.ActiveCfg = Debug|Any CPU
		{404B3BF6-8C51-48C8-84B6-21DF81DF64E8}.Debug|Any CPU.Build.0 = Debug|Any CPU
		{404B3BF6-8C51-48C8-84B6-21DF81DF64E8}.Release|Any CPU.ActiveCfg = Release|Any CPU
		{404B3BF6-8C51-48C8-84B6-21DF81DF64E8}.Release|Any CPU.Build.0 = Release|Any CPU
	EndGlobalSection
	GlobalSection(SolutionProperties) = preSolution
		HideSolutionNode = FALSE
	EndGlobalSection
	GlobalSection(ExtensibilityGlobals) = postSolution
		SolutionGuid = {CB2BBD58-CF2B-43C1-8652-65B3B91F5C57}
	EndGlobalSection
EndGlobal
